
Microsoft Visual Studio Solution File, Format Version 12.00
# Visual Studio Version 16
VisualStudioVersion = 16.0.31019.35
MinimumVisualStudioVersion = 10.0.40219.1
Project("{FAE04EC0-301F-11D3-BF4B-00C04F79EFBC}") = "practicaFormularios", "practicaFormularios\practicaFormularios.csproj", "{2EBE8ED9-0308-43EE-9DDC-92D6EFA04FC4}"
EndProject
Global
	GlobalSection(SolutionConfigurationPlatforms) = preSolution
		Debug|Any CPU = Debug|Any CPU
		Release|Any CPU = Release|Any CPU
	EndGlobalSection
	GlobalSection(ProjectConfigurationPlatforms) = postSolution
		{2EBE8ED9-0308-43EE-9DDC-92D6EFA04FC4}.Debug|Any CPU.ActiveCfg = Debug|Any CPU
		{2EBE8ED9-0308-43EE-9DDC-92D6EFA04FC4}.Debug|Any CPU.Build.0 = Debug|Any CPU
		{2EBE8ED9-0308-43EE-9DDC-92D6EFA04FC4}.Release|Any CPU.ActiveCfg = Release|Any CPU
		{2EBE8ED9-0308-43EE-9DDC-92D6EFA04FC4}.Release|Any CPU.Build.0 = Release|Any CPU
	EndGlobalSection
	GlobalSection(SolutionProperties) = preSolution
		HideSolutionNode = FALSE
	EndGlobalSection
	GlobalSection(ExtensibilityGlobals) = postSolution
		SolutionGuid = {55FCB8D7-7B4A-4050-9CE8-1D95C2853DDF}
	EndGlobalSection
EndGlobal
